
Microsoft Visual Studio Solution File, Format Version 12.00
# Visual Studio Version 16
VisualStudioVersion = 16.0.31424.327
MinimumVisualStudioVersion = 10.0.40219.1
Project("{FAE04EC0-301F-11D3-BF4B-00C04F79EFBC}") = "Name Generator", "Name Generator\Name Generator.csproj", "{D71D3C53-E81C-4407-B979-3FCC9585335A}"
EndProject
Global
	GlobalSection(SolutionConfigurationPlatforms) = preSolution
		Debug|Any CPU = Debug|Any CPU
		Release|Any CPU = Release|Any CPU
	EndGlobalSection
	GlobalSection(ProjectConfigurationPlatforms) = postSolution
		{D71D3C53-E81C-4407-B979-3FCC9585335A}.Debug|Any CPU.ActiveCfg = Debug|Any CPU
		{D71D3C53-E81C-4407-B979-3FCC9585335A}.Debug|Any CPU.Build.0 = Debug|Any CPU
		{D71D3C53-E81C-4407-B979-3FCC9585335A}.Release|Any CPU.ActiveCfg = Release|Any CPU
		{D71D3C53-E81C-4407-B979-3FCC9585335A}.Release|Any CPU.Build.0 = Release|Any CPU
	EndGlobalSection
	GlobalSection(SolutionProperties) = preSolution
		HideSolutionNode = FALSE
	EndGlobalSection
	GlobalSection(ExtensibilityGlobals) = postSolution
		SolutionGuid = {A0015F6D-CF8B-421F-9F5E-58E11F3FD3C0}
	EndGlobalSection
EndGlobal
